
Microsoft Visual Studio Solution File, Format Version 12.00
Project("{FAE04EC0-301F-11D3-BF4B-00C04F79EFBC}") = "GameStore.Client", "GameStore.Client\GameStore.Client.csproj", "{7BDD3040-52D1-45D2-B22D-67FD92B43DDD}"
EndProject
Global
	GlobalSection(SolutionConfigurationPlatforms) = preSolution
		Debug|Any CPU = Debug|Any CPU
		Release|Any CPU = Release|Any CPU
	EndGlobalSection
	GlobalSection(ProjectConfigurationPlatforms) = postSolution
		{7BDD3040-52D1-45D2-B22D-67FD92B43DDD}.Debug|Any CPU.ActiveCfg = Debug|Any CPU
		{7BDD3040-52D1-45D2-B22D-67FD92B43DDD}.Debug|Any CPU.Build.0 = Debug|Any CPU
		{7BDD3040-52D1-45D2-B22D-67FD92B43DDD}.Release|Any CPU.ActiveCfg = Release|Any CPU
		{7BDD3040-52D1-45D2-B22D-67FD92B43DDD}.Release|Any CPU.Build.0 = Release|Any CPU
	EndGlobalSection
EndGlobal
